// !$*UTF8*$!
{
	archiveVersion = 1;
	classes = {
	};
	objectVersion = 46;
	objects = {

/* Begin PBXBuildFile section */
		E104B2BC1D0DE99C0006480E /* AppDelegate.swift in Sources */ = {isa = PBXBuildFile; fileRef = E104B2BB1D0DE99C0006480E /* AppDelegate.swift */; };
		E104B2BE1D0DE99C0006480E /* ViewController.swift in Sources */ = {isa = PBXBuildFile; fileRef = E104B2BD1D0DE99C0006480E /* ViewController.swift */; };
		E104B2C11D0DE99C0006480E /* Main.storyboard in Resources */ = {isa = PBXBuildFile; fileRef = E104B2BF1D0DE99C0006480E /* Main.storyboard */; };
		E104B2C31D0DE99C0006480E /* Assets.xcassets in Resources */ = {isa = PBXBuildFile; fileRef = E104B2C21D0DE99C0006480E /* Assets.xcassets */; };
		E104B2C61D0DE99C0006480E /* LaunchScreen.storyboard in Resources */ = {isa = PBXBuildFile; fileRef = E104B2C41D0DE99C0006480E /* LaunchScreen.storyboard */; };
		E10EA7E71D15A90700B23332 /* PathTracer.swift in Sources */ = {isa = PBXBuildFile; fileRef = E10EA7E61D15A90700B23332 /* PathTracer.swift */; };
		E1A4BE351D137B0600E78F39 /* MathUtils.swift in Sources */ = {isa = PBXBuildFile; fileRef = E1A4BE341D137B0600E78F39 /* MathUtils.swift */; };
		E1A4BE3D1D146AE000E78F39 /* SwiftTracerTests.swift in Sources */ = {isa = PBXBuildFile; fileRef = E1A4BE3C1D146AE000E78F39 /* SwiftTracerTests.swift */; };
		E1A4BE451D146B0F00E78F39 /* MathUtilsTests.swift in Sources */ = {isa = PBXBuildFile; fileRef = E1A4BE441D146B0F00E78F39 /* MathUtilsTests.swift */; };
		E1A4BE471D148DD600E78F39 /* GraphicsTests.swift in Sources */ = {isa = PBXBuildFile; fileRef = E1A4BE461D148DD600E78F39 /* GraphicsTests.swift */; };
/* End PBXBuildFile section */

/* Begin PBXContainerItemProxy section */
		E1A4BE3F1D146AE000E78F39 /* PBXContainerItemProxy */ = {
			isa = PBXContainerItemProxy;
			containerPortal = E104B2B01D0DE99C0006480E /* Project object */;
			proxyType = 1;
			remoteGlobalIDString = E104B2B71D0DE99C0006480E;
			remoteInfo = SwiftTracer;
		};
/* End PBXContainerItemProxy section */

/* Begin PBXFileReference section */
		E104B2B81D0DE99C0006480E /* SwiftTracer.app */ = {isa = PBXFileReference; explicitFileType = wrapper.application; includeInIndex = 0; path = SwiftTracer.app; sourceTree = BUILT_PRODUCTS_DIR; };
		E104B2BB1D0DE99C0006480E /* AppDelegate.swift */ = {isa = PBXFileReference; lastKnownFileType = sourcecode.swift; path = AppDelegate.swift; sourceTree = "<group>"; };
		E104B2BD1D0DE99C0006480E /* ViewController.swift */ = {isa = PBXFileReference; lastKnownFileType = sourcecode.swift; path = ViewController.swift; sourceTree = "<group>"; };
		E104B2C01D0DE99C0006480E /* Base */ = {isa = PBXFileReference; lastKnownFileType = file.storyboard; name = Base; path = Base.lproj/Main.storyboard; sourceTree = "<group>"; };
		E104B2C21D0DE99C0006480E /* Assets.xcassets */ = {isa = PBXFileReference; lastKnownFileType = folder.assetcatalog; path = Assets.xcassets; sourceTree = "<group>"; };
		E104B2C51D0DE99C0006480E /* Base */ = {isa = PBXFileReference; lastKnownFileType = file.storyboard; name = Base; path = Base.lproj/LaunchScreen.storyboard; sourceTree = "<group>"; };
		E104B2C71D0DE99C0006480E /* Info.plist */ = {isa = PBXFileReference; lastKnownFileType = text.plist.xml; path = Info.plist; sourceTree = "<group>"; };
		E10EA7E61D15A90700B23332 /* PathTracer.swift */ = {isa = PBXFileReference; fileEncoding = 4; lastKnownFileType = sourcecode.swift; path = PathTracer.swift; sourceTree = "<group>"; };
		E1A4BE341D137B0600E78F39 /* MathUtils.swift */ = {isa = PBXFileReference; fileEncoding = 4; lastKnownFileType = sourcecode.swift; path = MathUtils.swift; sourceTree = "<group>"; };
		E1A4BE3A1D146AE000E78F39 /* SwiftTracerTests.xctest */ = {isa = PBXFileReference; explicitFileType = wrapper.cfbundle; includeInIndex = 0; path = SwiftTracerTests.xctest; sourceTree = BUILT_PRODUCTS_DIR; };
		E1A4BE3C1D146AE000E78F39 /* SwiftTracerTests.swift */ = {isa = PBXFileReference; lastKnownFileType = sourcecode.swift; path = SwiftTracerTests.swift; sourceTree = "<group>"; };
		E1A4BE3E1D146AE000E78F39 /* Info.plist */ = {isa = PBXFileReference; lastKnownFileType = text.plist.xml; path = Info.plist; sourceTree = "<group>"; };
		E1A4BE441D146B0F00E78F39 /* MathUtilsTests.swift */ = {isa = PBXFileReference; fileEncoding = 4; lastKnownFileType = sourcecode.swift; path = MathUtilsTests.swift; sourceTree = "<group>"; };
		E1A4BE461D148DD600E78F39 /* GraphicsTests.swift */ = {isa = PBXFileReference; fileEncoding = 4; lastKnownFileType = sourcecode.swift; path = GraphicsTests.swift; sourceTree = "<group>"; };
/* End PBXFileReference section */

/* Begin PBXFrameworksBuildPhase section */
		E104B2B51D0DE99C0006480E /* Frameworks */ = {
			isa = PBXFrameworksBuildPhase;
			buildActionMask = 2147483647;
			files = (
			);
			runOnlyForDeploymentPostprocessing = 0;
		};
		E1A4BE371D146AE000E78F39 /* Frameworks */ = {
			isa = PBXFrameworksBuildPhase;
			buildActionMask = 2147483647;
			files = (
			);
			runOnlyForDeploymentPostprocessing = 0;
		};
/* End PBXFrameworksBuildPhase section */

/* Begin PBXGroup section */
		E104B2AF1D0DE99C0006480E = {
			isa = PBXGroup;
			children = (
				E104B2BA1D0DE99C0006480E /* SwiftTracer */,
				E1A4BE3B1D146AE000E78F39 /* SwiftTracerTests */,
				E104B2B91D0DE99C0006480E /* Products */,
			);
			sourceTree = "<group>";
		};
		E104B2B91D0DE99C0006480E /* Products */ = {
			isa = PBXGroup;
			children = (
				E104B2B81D0DE99C0006480E /* SwiftTracer.app */,
				E1A4BE3A1D146AE000E78F39 /* SwiftTracerTests.xctest */,
			);
			name = Products;
			sourceTree = "<group>";
		};
		E104B2BA1D0DE99C0006480E /* SwiftTracer */ = {
			isa = PBXGroup;
			children = (
				E104B2BB1D0DE99C0006480E /* AppDelegate.swift */,
				E104B2BD1D0DE99C0006480E /* ViewController.swift */,
				E104B2BF1D0DE99C0006480E /* Main.storyboard */,
				E104B2C21D0DE99C0006480E /* Assets.xcassets */,
				E104B2C41D0DE99C0006480E /* LaunchScreen.storyboard */,
				E104B2C71D0DE99C0006480E /* Info.plist */,
				E1A4BE341D137B0600E78F39 /* MathUtils.swift */,
				E10EA7E61D15A90700B23332 /* PathTracer.swift */,
			);
			path = SwiftTracer;
			sourceTree = "<group>";
		};
		E1A4BE3B1D146AE000E78F39 /* SwiftTracerTests */ = {
			isa = PBXGroup;
			children = (
				E1A4BE461D148DD600E78F39 /* GraphicsTests.swift */,
				E1A4BE441D146B0F00E78F39 /* MathUtilsTests.swift */,
				E1A4BE3C1D146AE000E78F39 /* SwiftTracerTests.swift */,
				E1A4BE3E1D146AE000E78F39 /* Info.plist */,
			);
			path = SwiftTracerTests;
			sourceTree = "<group>";
		};
/* End PBXGroup section */

/* Begin PBXNativeTarget section */
		E104B2B71D0DE99C0006480E /* SwiftTracer */ = {
			isa = PBXNativeTarget;
			buildConfigurationList = E104B2CA1D0DE99C0006480E /* Build configuration list for PBXNativeTarget "SwiftTracer" */;
			buildPhases = (
				E104B2B41D0DE99C0006480E /* Sources */,
				E104B2B51D0DE99C0006480E /* Frameworks */,
				E104B2B61D0DE99C0006480E /* Resources */,
			);
			buildRules = (
			);
			dependencies = (
			);
			name = SwiftTracer;
			productName = SwiftTracer;
			productReference = E104B2B81D0DE99C0006480E /* SwiftTracer.app */;
			productType = "com.apple.product-type.application";
		};
		E1A4BE391D146AE000E78F39 /* SwiftTracerTests */ = {
			isa = PBXNativeTarget;
			buildConfigurationList = E1A4BE411D146AE000E78F39 /* Build configuration list for PBXNativeTarget "SwiftTracerTests" */;
			buildPhases = (
				E1A4BE361D146AE000E78F39 /* Sources */,
				E1A4BE371D146AE000E78F39 /* Frameworks */,
				E1A4BE381D146AE000E78F39 /* Resources */,
			);
			buildRules = (
			);
			dependencies = (
				E1A4BE401D146AE000E78F39 /* PBXTargetDependency */,
			);
			name = SwiftTracerTests;
			productName = SwiftTracerTests;
			productReference = E1A4BE3A1D146AE000E78F39 /* SwiftTracerTests.xctest */;
			productType = "com.apple.product-type.bundle.unit-test";
		};
/* End PBXNativeTarget section */

/* Begin PBXProject section */
		E104B2B01D0DE99C0006480E /* Project object */ = {
			isa = PBXProject;
			attributes = {
				LastSwiftUpdateCheck = 0800;
				LastUpgradeCheck = 0800;
				ORGANIZATIONNAME = "Swift@IBM Engineering";
				TargetAttributes = {
					E104B2B71D0DE99C0006480E = {
						CreatedOnToolsVersion = 7.3.1;
						DevelopmentTeam = 57U96AW229;
						DevelopmentTeamName = "Robert Dickerson";
						LastSwiftMigration = 0800;
					};
					E1A4BE391D146AE000E78F39 = {
						CreatedOnToolsVersion = 8.0;
						DevelopmentTeam = PP64RT7P8Z;
						DevelopmentTeamName = "International Business Machines Corporation";
						ProvisioningStyle = Automatic;
						TestTargetID = E104B2B71D0DE99C0006480E;
					};
				};
			};
			buildConfigurationList = E104B2B31D0DE99C0006480E /* Build configuration list for PBXProject "SwiftTracer" */;
			compatibilityVersion = "Xcode 3.2";
			developmentRegion = English;
			hasScannedForEncodings = 0;
			knownRegions = (
				en,
				Base,
			);
			mainGroup = E104B2AF1D0DE99C0006480E;
			productRefGroup = E104B2B91D0DE99C0006480E /* Products */;
			projectDirPath = "";
			projectRoot = "";
			targets = (
				E104B2B71D0DE99C0006480E /* SwiftTracer */,
				E1A4BE391D146AE000E78F39 /* SwiftTracerTests */,
			);
		};
/* End PBXProject section */

/* Begin PBXResourcesBuildPhase section */
		E104B2B61D0DE99C0006480E /* Resources */ = {
			isa = PBXResourcesBuildPhase;
			buildActionMask = 2147483647;
			files = (
				E104B2C61D0DE99C0006480E /* LaunchScreen.storyboard in Resources */,
				E104B2C31D0DE99C0006480E /* Assets.xcassets in Resources */,
				E104B2C11D0DE99C0006480E /* Main.storyboard in Resources */,
			);
			runOnlyForDeploymentPostprocessing = 0;
		};
		E1A4BE381D146AE000E78F39 /* Resources */ = {
			isa = PBXResourcesBuildPhase;
			buildActionMask = 2147483647;
			files = (
			);
			runOnlyForDeploymentPostprocessing = 0;
		};
/* End PBXResourcesBuildPhase section */

/* Begin PBXSourcesBuildPhase section */
		E104B2B41D0DE99C0006480E /* Sources */ = {
			isa = PBXSourcesBuildPhase;
			buildActionMask = 2147483647;
			files = (
				E104B2BE1D0DE99C0006480E /* ViewController.swift in Sources */,
				E10EA7E71D15A90700B23332 /* PathTracer.swift in Sources */,
				E104B2BC1D0DE99C0006480E /* AppDelegate.swift in Sources */,
				E1A4BE351D137B0600E78F39 /* MathUtils.swift in Sources */,
			);
			runOnlyForDeploymentPostprocessing = 0;
		};
		E1A4BE361D146AE000E78F39 /* Sources */ = {
			isa = PBXSourcesBuildPhase;
			buildActionMask = 2147483647;
			files = (
				E1A4BE3D1D146AE000E78F39 /* SwiftTracerTests.swift in Sources */,
				E1A4BE451D146B0F00E78F39 /* MathUtilsTests.swift in Sources */,
				E1A4BE471D148DD600E78F39 /* GraphicsTests.swift in Sources */,
			);
			runOnlyForDeploymentPostprocessing = 0;
		};
/* End PBXSourcesBuildPhase section */

/* Begin PBXTargetDependency section */
		E1A4BE401D146AE000E78F39 /* PBXTargetDependency */ = {
			isa = PBXTargetDependency;
			target = E104B2B71D0DE99C0006480E /* SwiftTracer */;
			targetProxy = E1A4BE3F1D146AE000E78F39 /* PBXContainerItemProxy */;
		};
/* End PBXTargetDependency section */

/* Begin PBXVariantGroup section */
		E104B2BF1D0DE99C0006480E /* Main.storyboard */ = {
			isa = PBXVariantGroup;
			children = (
				E104B2C01D0DE99C0006480E /* Base */,
			);
			name = Main.storyboard;
			sourceTree = "<group>";
		};
		E104B2C41D0DE99C0006480E /* LaunchScreen.storyboard */ = {
			isa = PBXVariantGroup;
			children = (
				E104B2C51D0DE99C0006480E /* Base */,
			);
			name = LaunchScreen.storyboard;
			sourceTree = "<group>";
		};
/* End PBXVariantGroup section */

/* Begin XCBuildConfiguration section */
		E104B2C81D0DE99C0006480E /* Debug */ = {
			isa = XCBuildConfiguration;
			buildSettings = {
				ALWAYS_SEARCH_USER_PATHS = NO;
				CLANG_ANALYZER_NONNULL = YES;
				CLANG_CXX_LANGUAGE_STANDARD = "gnu++0x";
				CLANG_CXX_LIBRARY = "libc++";
				CLANG_ENABLE_MODULES = YES;
				CLANG_ENABLE_OBJC_ARC = YES;
				CLANG_WARN_BOOL_CONVERSION = YES;
				CLANG_WARN_CONSTANT_CONVERSION = YES;
				CLANG_WARN_DIRECT_OBJC_ISA_USAGE = YES_ERROR;
				CLANG_WARN_EMPTY_BODY = YES;
				CLANG_WARN_ENUM_CONVERSION = YES;
				CLANG_WARN_INT_CONVERSION = YES;
				CLANG_WARN_OBJC_ROOT_CLASS = YES_ERROR;
				CLANG_WARN_UNREACHABLE_CODE = YES;
				CLANG_WARN__DUPLICATE_METHOD_MATCH = YES;
				"CODE_SIGN_IDENTITY[sdk=iphoneos*]" = "iPhone Developer";
				COPY_PHASE_STRIP = NO;
				DEBUG_INFORMATION_FORMAT = dwarf;
				ENABLE_STRICT_OBJC_MSGSEND = YES;
				ENABLE_TESTABILITY = YES;
				GCC_C_LANGUAGE_STANDARD = gnu99;
				GCC_DYNAMIC_NO_PIC = NO;
				GCC_NO_COMMON_BLOCKS = YES;
				GCC_OPTIMIZATION_LEVEL = 0;
				GCC_PREPROCESSOR_DEFINITIONS = (
					"DEBUG=1",
					"$(inherited)",
				);
				GCC_WARN_64_TO_32_BIT_CONVERSION = YES;
				GCC_WARN_ABOUT_RETURN_TYPE = YES_ERROR;
				GCC_WARN_UNDECLARED_SELECTOR = YES;
				GCC_WARN_UNINITIALIZED_AUTOS = YES_AGGRESSIVE;
				GCC_WARN_UNUSED_FUNCTION = YES;
				GCC_WARN_UNUSED_VARIABLE = YES;
				IPHONEOS_DEPLOYMENT_TARGET = 10.0;
				MTL_ENABLE_DEBUG_INFO = YES;
				ONLY_ACTIVE_ARCH = YES;
				SDKROOT = iphoneos;
				SWIFT_OPTIMIZATION_LEVEL = "-Onone";
				TARGETED_DEVICE_FAMILY = "1,2";
			};
			name = Debug;
		};
		E104B2C91D0DE99C0006480E /* Release */ = {
			isa = XCBuildConfiguration;
			buildSettings = {
				ALWAYS_SEARCH_USER_PATHS = NO;
				CLANG_ANALYZER_NONNULL = YES;
				CLANG_CXX_LANGUAGE_STANDARD = "gnu++0x";
				CLANG_CXX_LIBRARY = "libc++";
				CLANG_ENABLE_MODULES = YES;
				CLANG_ENABLE_OBJC_ARC = YES;
				CLANG_WARN_BOOL_CONVERSION = YES;
				CLANG_WARN_CONSTANT_CONVERSION = YES;
				CLANG_WARN_DIRECT_OBJC_ISA_USAGE = YES_ERROR;
				CLANG_WARN_EMPTY_BODY = YES;
				CLANG_WARN_ENUM_CONVERSION = YES;
				CLANG_WARN_INT_CONVERSION = YES;
				CLANG_WARN_OBJC_ROOT_CLASS = YES_ERROR;
				CLANG_WARN_UNREACHABLE_CODE = YES;
				CLANG_WARN__DUPLICATE_METHOD_MATCH = YES;
				"CODE_SIGN_IDENTITY[sdk=iphoneos*]" = "iPhone Developer";
				COPY_PHASE_STRIP = NO;
				DEBUG_INFORMATION_FORMAT = "dwarf-with-dsym";
				ENABLE_NS_ASSERTIONS = NO;
				ENABLE_STRICT_OBJC_MSGSEND = YES;
				GCC_C_LANGUAGE_STANDARD = gnu99;
				GCC_NO_COMMON_BLOCKS = YES;
				GCC_WARN_64_TO_32_BIT_CONVERSION = YES;
				GCC_WARN_ABOUT_RETURN_TYPE = YES_ERROR;
				GCC_WARN_UNDECLARED_SELECTOR = YES;
				GCC_WARN_UNINITIALIZED_AUTOS = YES_AGGRESSIVE;
				GCC_WARN_UNUSED_FUNCTION = YES;
				GCC_WARN_UNUSED_VARIABLE = YES;
				IPHONEOS_DEPLOYMENT_TARGET = 10.0;
				MTL_ENABLE_DEBUG_INFO = NO;
				SDKROOT = iphoneos;
				TARGETED_DEVICE_FAMILY = "1,2";
				VALIDATE_PRODUCT = YES;
			};
			name = Release;
		};
		E104B2CB1D0DE99C0006480E /* Debug */ = {
			isa = XCBuildConfiguration;
			buildSettings = {
				ASSETCATALOG_COMPILER_APPICON_NAME = AppIcon;
				CODE_SIGN_IDENTITY = "iPhone Developer";
				"CODE_SIGN_IDENTITY[sdk=iphoneos*]" = "iPhone Developer";
				INFOPLIST_FILE = SwiftTracer/Info.plist;
				LD_RUNPATH_SEARCH_PATHS = "$(inherited) @executable_path/Frameworks";
				PRODUCT_BUNDLE_IDENTIFIER = org.rfdickerson.SwiftTracer;
				PRODUCT_NAME = "$(TARGET_NAME)";
				PROVISIONING_PROFILE = "";
				SWIFT_VERSION = 3.0;
				TARGETED_DEVICE_FAMILY = "1,2";
			};
			name = Debug;
		};
		E104B2CC1D0DE99C0006480E /* Release */ = {
			isa = XCBuildConfiguration;
			buildSettings = {
				ASSETCATALOG_COMPILER_APPICON_NAME = AppIcon;
				CODE_SIGN_IDENTITY = "iPhone Developer";
				"CODE_SIGN_IDENTITY[sdk=iphoneos*]" = "iPhone Developer";
				INFOPLIST_FILE = SwiftTracer/Info.plist;
				LD_RUNPATH_SEARCH_PATHS = "$(inherited) @executable_path/Frameworks";
				PRODUCT_BUNDLE_IDENTIFIER = org.rfdickerson.SwiftTracer;
				PRODUCT_NAME = "$(TARGET_NAME)";
				PROVISIONING_PROFILE = "";
				SWIFT_OPTIMIZATION_LEVEL = "-Owholemodule";
				SWIFT_VERSION = 3.0;
				TARGETED_DEVICE_FAMILY = "1,2";
			};
			name = Release;
		};
		E1A4BE421D146AE000E78F39 /* Debug */ = {
			isa = XCBuildConfiguration;
			buildSettings = {
				BUNDLE_LOADER = "$(TEST_HOST)";
				CLANG_WARN_DOCUMENTATION_COMMENTS = YES;
				INFOPLIST_FILE = SwiftTracerTests/Info.plist;
				IPHONEOS_DEPLOYMENT_TARGET = 10.0;
				LD_RUNPATH_SEARCH_PATHS = "$(inherited) @executable_path/Frameworks @loader_path/Frameworks";
				PRODUCT_BUNDLE_IDENTIFIER = org.rfdickerson.SwiftTracerTests;
				PRODUCT_NAME = "$(TARGET_NAME)";
				SWIFT_ACTIVE_COMPILATION_CONDITIONS = DEBUG;
				SWIFT_VERSION = 3.0;
				TEST_HOST = "$(BUILT_PRODUCTS_DIR)/SwiftTracer.app/SwiftTracer";
			};
			name = Debug;
		};
		E1A4BE431D146AE000E78F39 /* Release */ = {
			isa = XCBuildConfiguration;
			buildSettings = {
				BUNDLE_LOADER = "$(TEST_HOST)";
				CLANG_WARN_DOCUMENTATION_COMMENTS = YES;
				INFOPLIST_FILE = SwiftTracerTests/Info.plist;
				IPHONEOS_DEPLOYMENT_TARGET = 10.0;
				LD_RUNPATH_SEARCH_PATHS = "$(inherited) @executable_path/Frameworks @loader_path/Frameworks";
				PRODUCT_BUNDLE_IDENTIFIER = org.rfdickerson.SwiftTracerTests;
				PRODUCT_NAME = "$(TARGET_NAME)";
				SWIFT_OPTIMIZATION_LEVEL = "-Owholemodule";
				SWIFT_VERSION = 3.0;
				TEST_HOST = "$(BUILT_PRODUCTS_DIR)/SwiftTracer.app/SwiftTracer";
			};
			name = Release;
		};
/* End XCBuildConfiguration section */

/* Begin XCConfigurationList section */
		E104B2B31D0DE99C0006480E /* Build configuration list for PBXProject "SwiftTracer" */ = {
			isa = XCConfigurationList;
			buildConfigurations = (
				E104B2C81D0DE99C0006480E /* Debug */,
				E104B2C91D0DE99C0006480E /* Release */,
			);
			defaultConfigurationIsVisible = 0;
			defaultConfigurationName = Release;
		};
		E104B2CA1D0DE99C0006480E /* Build configuration list for PBXNativeTarget "SwiftTracer" */ = {
			isa = XCConfigurationList;
			buildConfigurations = (
				E104B2CB1D0DE99C0006480E /* Debug */,
				E104B2CC1D0DE99C0006480E /* Release */,
			);
			defaultConfigurationIsVisible = 0;
			defaultConfigurationName = Release;
		};
		E1A4BE411D146AE000E78F39 /* Build configuration list for PBXNativeTarget "SwiftTracerTests" */ = {
			isa = XCConfigurationList;
			buildConfigurations = (
				E1A4BE421D146AE000E78F39 /* Debug */,
				E1A4BE431D146AE000E78F39 /* Release */,
			);
			defaultConfigurationIsVisible = 0;
			defaultConfigurationName = Release;
		};
/* End XCConfigurationList section */
	};
	rootObject = E104B2B01D0DE99C0006480E /* Project object */;
}
